// !$*UTF8*$!
{
	archiveVersion = 1;
	classes = {
	};
	objectVersion = 51;
	objects = {

/* Begin PBXBuildFile section */
		250FB15722C534A3007D4411 /* AppDelegate.m in Sources */ = {isa = PBXBuildFile; fileRef = 250FB15622C534A3007D4411 /* AppDelegate.m */; };
		250FB15D22C534A3007D4411 /* Main.storyboard in Resources */ = {isa = PBXBuildFile; fileRef = 250FB15B22C534A3007D4411 /* Main.storyboard */; };
		250FB15F22C534A4007D4411 /* Assets.xcassets in Resources */ = {isa = PBXBuildFile; fileRef = 250FB15E22C534A4007D4411 /* Assets.xcassets */; };
		250FB16222C534A4007D4411 /* LaunchScreen.storyboard in Resources */ = {isa = PBXBuildFile; fileRef = 250FB16022C534A4007D4411 /* LaunchScreen.storyboard */; };
		250FB16522C534A4007D4411 /* main.m in Sources */ = {isa = PBXBuildFile; fileRef = 250FB16422C534A4007D4411 /* main.m */; };
		250FB16F22C534A4007D4411 /* tumblrTests.m in Sources */ = {isa = PBXBuildFile; fileRef = 250FB16E22C534A4007D4411 /* tumblrTests.m */; };
		250FB17A22C534A4007D4411 /* tumblrUITests.m in Sources */ = {isa = PBXBuildFile; fileRef = 250FB17922C534A4007D4411 /* tumblrUITests.m */; };
		250FB18C22C53A05007D4411 /* PhotosViewController.m in Sources */ = {isa = PBXBuildFile; fileRef = 250FB18B22C53A05007D4411 /* PhotosViewController.m */; };
		250FB18F22C53FB0007D4411 /* PhotoCell.m in Sources */ = {isa = PBXBuildFile; fileRef = 250FB18E22C53FB0007D4411 /* PhotoCell.m */; };
		250FB19222C546D8007D4411 /* DetailsViewController.m in Sources */ = {isa = PBXBuildFile; fileRef = 250FB19122C546D8007D4411 /* DetailsViewController.m */; };
		3128768999E8E60DE6BC41AB /* Pods_tumblrUITests.framework in Frameworks */ = {isa = PBXBuildFile; fileRef = DFD98910046845243D0EAA48 /* Pods_tumblrUITests.framework */; };
		472A3E04C79E41EB016B4E0A /* Pods_tumblrTests.framework in Frameworks */ = {isa = PBXBuildFile; fileRef = 412EAAA0F4A5E836F7843BCD /* Pods_tumblrTests.framework */; };
		69F5704C14CEEA0888031F5C /* Pods_tumblr.framework in Frameworks */ = {isa = PBXBuildFile; fileRef = 425B0BAD02B35C13E948201D /* Pods_tumblr.framework */; };
/* End PBXBuildFile section */

/* Begin PBXContainerItemProxy section */
		250FB16B22C534A4007D4411 /* PBXContainerItemProxy */ = {
			isa = PBXContainerItemProxy;
			containerPortal = 250FB14A22C534A3007D4411 /* Project object */;
			proxyType = 1;
			remoteGlobalIDString = 250FB15122C534A3007D4411;
			remoteInfo = tumblr;
		};
		250FB17622C534A4007D4411 /* PBXContainerItemProxy */ = {
			isa = PBXContainerItemProxy;
			containerPortal = 250FB14A22C534A3007D4411 /* Project object */;
			proxyType = 1;
			remoteGlobalIDString = 250FB15122C534A3007D4411;
			remoteInfo = tumblr;
		};
/* End PBXContainerItemProxy section */

/* Begin PBXFileReference section */
		16C736EECC2A566AD9344EF8 /* Pods-tumblr.debug.xcconfig */ = {isa = PBXFileReference; includeInIndex = 1; lastKnownFileType = text.xcconfig; name = "Pods-tumblr.debug.xcconfig"; path = "Target Support Files/Pods-tumblr/Pods-tumblr.debug.xcconfig"; sourceTree = "<group>"; };
		250FB15222C534A3007D4411 /* tumblr.app */ = {isa = PBXFileReference; explicitFileType = wrapper.application; includeInIndex = 0; path = tumblr.app; sourceTree = BUILT_PRODUCTS_DIR; };
		250FB15522C534A3007D4411 /* AppDelegate.h */ = {isa = PBXFileReference; lastKnownFileType = sourcecode.c.h; path = AppDelegate.h; sourceTree = "<group>"; };
		250FB15622C534A3007D4411 /* AppDelegate.m */ = {isa = PBXFileReference; lastKnownFileType = sourcecode.c.objc; path = AppDelegate.m; sourceTree = "<group>"; };
		250FB15C22C534A3007D4411 /* Base */ = {isa = PBXFileReference; lastKnownFileType = file.storyboard; name = Base; path = Base.lproj/Main.storyboard; sourceTree = "<group>"; };
		250FB15E22C534A4007D4411 /* Assets.xcassets */ = {isa = PBXFileReference; lastKnownFileType = folder.assetcatalog; path = Assets.xcassets; sourceTree = "<group>"; };
		250FB16122C534A4007D4411 /* Base */ = {isa = PBXFileReference; lastKnownFileType = file.storyboard; name = Base; path = Base.lproj/LaunchScreen.storyboard; sourceTree = "<group>"; };
		250FB16322C534A4007D4411 /* Info.plist */ = {isa = PBXFileReference; lastKnownFileType = text.plist.xml; path = Info.plist; sourceTree = "<group>"; };
		250FB16422C534A4007D4411 /* main.m */ = {isa = PBXFileReference; lastKnownFileType = sourcecode.c.objc; path = main.m; sourceTree = "<group>"; };
		250FB16A22C534A4007D4411 /* tumblrTests.xctest */ = {isa = PBXFileReference; explicitFileType = wrapper.cfbundle; includeInIndex = 0; path = tumblrTests.xctest; sourceTree = BUILT_PRODUCTS_DIR; };
		250FB16E22C534A4007D4411 /* tumblrTests.m */ = {isa = PBXFileReference; lastKnownFileType = sourcecode.c.objc; path = tumblrTests.m; sourceTree = "<group>"; };
		250FB17022C534A4007D4411 /* Info.plist */ = {isa = PBXFileReference; lastKnownFileType = text.plist.xml; path = Info.plist; sourceTree = "<group>"; };
		250FB17522C534A4007D4411 /* tumblrUITests.xctest */ = {isa = PBXFileReference; explicitFileType = wrapper.cfbundle; includeInIndex = 0; path = tumblrUITests.xctest; sourceTree = BUILT_PRODUCTS_DIR; };
		250FB17922C534A4007D4411 /* tumblrUITests.m */ = {isa = PBXFileReference; lastKnownFileType = sourcecode.c.objc; path = tumblrUITests.m; sourceTree = "<group>"; };
		250FB17B22C534A4007D4411 /* Info.plist */ = {isa = PBXFileReference; lastKnownFileType = text.plist.xml; path = Info.plist; sourceTree = "<group>"; };
		250FB18A22C53A05007D4411 /* PhotosViewController.h */ = {isa = PBXFileReference; lastKnownFileType = sourcecode.c.h; path = PhotosViewController.h; sourceTree = "<group>"; };
		250FB18B22C53A05007D4411 /* PhotosViewController.m */ = {isa = PBXFileReference; lastKnownFileType = sourcecode.c.objc; path = PhotosViewController.m; sourceTree = "<group>"; };
		250FB18D22C53FB0007D4411 /* PhotoCell.h */ = {isa = PBXFileReference; lastKnownFileType = sourcecode.c.h; path = PhotoCell.h; sourceTree = "<group>"; };
		250FB18E22C53FB0007D4411 /* PhotoCell.m */ = {isa = PBXFileReference; lastKnownFileType = sourcecode.c.objc; path = PhotoCell.m; sourceTree = "<group>"; };
		250FB19022C546D8007D4411 /* DetailsViewController.h */ = {isa = PBXFileReference; lastKnownFileType = sourcecode.c.h; path = DetailsViewController.h; sourceTree = "<group>"; };
		250FB19122C546D8007D4411 /* DetailsViewController.m */ = {isa = PBXFileReference; lastKnownFileType = sourcecode.c.objc; path = DetailsViewController.m; sourceTree = "<group>"; };
		412EAAA0F4A5E836F7843BCD /* Pods_tumblrTests.framework */ = {isa = PBXFileReference; explicitFileType = wrapper.framework; includeInIndex = 0; path = Pods_tumblrTests.framework; sourceTree = BUILT_PRODUCTS_DIR; };
		425B0BAD02B35C13E948201D /* Pods_tumblr.framework */ = {isa = PBXFileReference; explicitFileType = wrapper.framework; includeInIndex = 0; path = Pods_tumblr.framework; sourceTree = BUILT_PRODUCTS_DIR; };
		4EFD889B4574BCDD60C8B497 /* Pods-tumblr.release.xcconfig */ = {isa = PBXFileReference; includeInIndex = 1; lastKnownFileType = text.xcconfig; name = "Pods-tumblr.release.xcconfig"; path = "Target Support Files/Pods-tumblr/Pods-tumblr.release.xcconfig"; sourceTree = "<group>"; };
		500EAB86B80920A24C2410C0 /* Pods-tumblrUITests.debug.xcconfig */ = {isa = PBXFileReference; includeInIndex = 1; lastKnownFileType = text.xcconfig; name = "Pods-tumblrUITests.debug.xcconfig"; path = "Target Support Files/Pods-tumblrUITests/Pods-tumblrUITests.debug.xcconfig"; sourceTree = "<group>"; };
		81816EE9C0F86FFAA1DE6665 /* Pods-tumblrUITests.release.xcconfig */ = {isa = PBXFileReference; includeInIndex = 1; lastKnownFileType = text.xcconfig; name = "Pods-tumblrUITests.release.xcconfig"; path = "Target Support Files/Pods-tumblrUITests/Pods-tumblrUITests.release.xcconfig"; sourceTree = "<group>"; };
		A27236FA903098B2F7503A98 /* Pods-tumblrTests.release.xcconfig */ = {isa = PBXFileReference; includeInIndex = 1; lastKnownFileType = text.xcconfig; name = "Pods-tumblrTests.release.xcconfig"; path = "Target Support Files/Pods-tumblrTests/Pods-tumblrTests.release.xcconfig"; sourceTree = "<group>"; };
		DFD98910046845243D0EAA48 /* Pods_tumblrUITests.framework */ = {isa = PBXFileReference; explicitFileType = wrapper.framework; includeInIndex = 0; path = Pods_tumblrUITests.framework; sourceTree = BUILT_PRODUCTS_DIR; };
		EBB28FD6DE21520A54528A52 /* Pods-tumblrTests.debug.xcconfig */ = {isa = PBXFileReference; includeInIndex = 1; lastKnownFileType = text.xcconfig; name = "Pods-tumblrTests.debug.xcconfig"; path = "Target Support Files/Pods-tumblrTests/Pods-tumblrTests.debug.xcconfig"; sourceTree = "<group>"; };
/* End PBXFileReference section */

/* Begin PBXFrameworksBuildPhase section */
		250FB14F22C534A3007D4411 /* Frameworks */ = {
			isa = PBXFrameworksBuildPhase;
			buildActionMask = 2147483647;
			files = (
				69F5704C14CEEA0888031F5C /* Pods_tumblr.framework in Frameworks */,
			);
			runOnlyForDeploymentPostprocessing = 0;
		};
		250FB16722C534A4007D4411 /* Frameworks */ = {
			isa = PBXFrameworksBuildPhase;
			buildActionMask = 2147483647;
			files = (
				472A3E04C79E41EB016B4E0A /* Pods_tumblrTests.framework in Frameworks */,
			);
			runOnlyForDeploymentPostprocessing = 0;
		};
		250FB17222C534A4007D4411 /* Frameworks */ = {
			isa = PBXFrameworksBuildPhase;
			buildActionMask = 2147483647;
			files = (
				3128768999E8E60DE6BC41AB /* Pods_tumblrUITests.framework in Frameworks */,
			);
			runOnlyForDeploymentPostprocessing = 0;
		};
/* End PBXFrameworksBuildPhase section */

/* Begin PBXGroup section */
		250FB14922C534A3007D4411 = {
			isa = PBXGroup;
			children = (
				250FB15422C534A3007D4411 /* tumblr */,
				250FB16D22C534A4007D4411 /* tumblrTests */,
				250FB17822C534A4007D4411 /* tumblrUITests */,
				250FB15322C534A3007D4411 /* Products */,
				A62E997A1666491C97A7D026 /* Pods */,
				5A63B43800F0315F5C3C04B0 /* Frameworks */,
			);
			sourceTree = "<group>";
		};
		250FB15322C534A3007D4411 /* Products */ = {
			isa = PBXGroup;
			children = (
				250FB15222C534A3007D4411 /* tumblr.app */,
				250FB16A22C534A4007D4411 /* tumblrTests.xctest */,
				250FB17522C534A4007D4411 /* tumblrUITests.xctest */,
			);
			name = Products;
			sourceTree = "<group>";
		};
		250FB15422C534A3007D4411 /* tumblr */ = {
			isa = PBXGroup;
			children = (
				250FB15522C534A3007D4411 /* AppDelegate.h */,
				250FB15622C534A3007D4411 /* AppDelegate.m */,
				250FB15B22C534A3007D4411 /* Main.storyboard */,
				250FB19022C546D8007D4411 /* DetailsViewController.h */,
				250FB19122C546D8007D4411 /* DetailsViewController.m */,
				250FB18D22C53FB0007D4411 /* PhotoCell.h */,
				250FB18E22C53FB0007D4411 /* PhotoCell.m */,
				250FB15E22C534A4007D4411 /* Assets.xcassets */,
				250FB16022C534A4007D4411 /* LaunchScreen.storyboard */,
				250FB16322C534A4007D4411 /* Info.plist */,
				250FB16422C534A4007D4411 /* main.m */,
				250FB18A22C53A05007D4411 /* PhotosViewController.h */,
				250FB18B22C53A05007D4411 /* PhotosViewController.m */,
			);
			path = tumblr;
			sourceTree = "<group>";
		};
		250FB16D22C534A4007D4411 /* tumblrTests */ = {
			isa = PBXGroup;
			children = (
				250FB16E22C534A4007D4411 /* tumblrTests.m */,
				250FB17022C534A4007D4411 /* Info.plist */,
			);
			path = tumblrTests;
			sourceTree = "<group>";
		};
		250FB17822C534A4007D4411 /* tumblrUITests */ = {
			isa = PBXGroup;
			children = (
				250FB17922C534A4007D4411 /* tumblrUITests.m */,
				250FB17B22C534A4007D4411 /* Info.plist */,
			);
			path = tumblrUITests;
			sourceTree = "<group>";
		};
		5A63B43800F0315F5C3C04B0 /* Frameworks */ = {
			isa = PBXGroup;
			children = (
				425B0BAD02B35C13E948201D /* Pods_tumblr.framework */,
				412EAAA0F4A5E836F7843BCD /* Pods_tumblrTests.framework */,
				DFD98910046845243D0EAA48 /* Pods_tumblrUITests.framework */,
			);
			name = Frameworks;
			sourceTree = "<group>";
		};
		A62E997A1666491C97A7D026 /* Pods */ = {
			isa = PBXGroup;
			children = (
				16C736EECC2A566AD9344EF8 /* Pods-tumblr.debug.xcconfig */,
				4EFD889B4574BCDD60C8B497 /* Pods-tumblr.release.xcconfig */,
				EBB28FD6DE21520A54528A52 /* Pods-tumblrTests.debug.xcconfig */,
				A27236FA903098B2F7503A98 /* Pods-tumblrTests.release.xcconfig */,
				500EAB86B80920A24C2410C0 /* Pods-tumblrUITests.debug.xcconfig */,
				81816EE9C0F86FFAA1DE6665 /* Pods-tumblrUITests.release.xcconfig */,
			);
			path = Pods;
			sourceTree = "<group>";
		};
/* End PBXGroup section */

/* Begin PBXNativeTarget section */
		250FB15122C534A3007D4411 /* tumblr */ = {
			isa = PBXNativeTarget;
			buildConfigurationList = 250FB17E22C534A4007D4411 /* Build configuration list for PBXNativeTarget "tumblr" */;
			buildPhases = (
				11AC11AE563CBFB397CE37A8 /* [CP] Check Pods Manifest.lock */,
				250FB14E22C534A3007D4411 /* Sources */,
				250FB14F22C534A3007D4411 /* Frameworks */,
				250FB15022C534A3007D4411 /* Resources */,
				5DD14F2875641841FFF4BF51 /* [CP] Embed Pods Frameworks */,
			);
			buildRules = (
			);
			dependencies = (
			);
			name = tumblr;
			productName = tumblr;
			productReference = 250FB15222C534A3007D4411 /* tumblr.app */;
			productType = "com.apple.product-type.application";
		};
		250FB16922C534A4007D4411 /* tumblrTests */ = {
			isa = PBXNativeTarget;
			buildConfigurationList = 250FB18122C534A4007D4411 /* Build configuration list for PBXNativeTarget "tumblrTests" */;
			buildPhases = (
				EB025CFA4BBC572232D0FEB1 /* [CP] Check Pods Manifest.lock */,
				250FB16622C534A4007D4411 /* Sources */,
				250FB16722C534A4007D4411 /* Frameworks */,
				250FB16822C534A4007D4411 /* Resources */,
			);
			buildRules = (
			);
			dependencies = (
				250FB16C22C534A4007D4411 /* PBXTargetDependency */,
			);
			name = tumblrTests;
			productName = tumblrTests;
			productReference = 250FB16A22C534A4007D4411 /* tumblrTests.xctest */;
			productType = "com.apple.product-type.bundle.unit-test";
		};
		250FB17422C534A4007D4411 /* tumblrUITests */ = {
			isa = PBXNativeTarget;
			buildConfigurationList = 250FB18422C534A4007D4411 /* Build configuration list for PBXNativeTarget "tumblrUITests" */;
			buildPhases = (
				4E21FA41F252965C588A94F6 /* [CP] Check Pods Manifest.lock */,
				250FB17122C534A4007D4411 /* Sources */,
				250FB17222C534A4007D4411 /* Frameworks */,
				250FB17322C534A4007D4411 /* Resources */,
			);
			buildRules = (
			);
			dependencies = (
				250FB17722C534A4007D4411 /* PBXTargetDependency */,
			);
			name = tumblrUITests;
			productName = tumblrUITests;
			productReference = 250FB17522C534A4007D4411 /* tumblrUITests.xctest */;
			productType = "com.apple.product-type.bundle.ui-testing";
		};
/* End PBXNativeTarget section */

/* Begin PBXProject section */
		250FB14A22C534A3007D4411 /* Project object */ = {
			isa = PBXProject;
			attributes = {
				LastUpgradeCheck = 1020;
				ORGANIZATIONNAME = frankboamps;
				TargetAttributes = {
					250FB15122C534A3007D4411 = {
						CreatedOnToolsVersion = 10.2.1;
					};
					250FB16922C534A4007D4411 = {
						CreatedOnToolsVersion = 10.2.1;
						TestTargetID = 250FB15122C534A3007D4411;
					};
					250FB17422C534A4007D4411 = {
						CreatedOnToolsVersion = 10.2.1;
						TestTargetID = 250FB15122C534A3007D4411;
					};
				};
			};
			buildConfigurationList = 250FB14D22C534A3007D4411 /* Build configuration list for PBXProject "tumblr" */;
			compatibilityVersion = "Xcode 9.3";
			developmentRegion = en;
			hasScannedForEncodings = 0;
			knownRegions = (
				en,
				Base,
			);
			mainGroup = 250FB14922C534A3007D4411;
			productRefGroup = 250FB15322C534A3007D4411 /* Products */;
			projectDirPath = "";
			projectRoot = "";
			targets = (
				250FB15122C534A3007D4411 /* tumblr */,
				250FB16922C534A4007D4411 /* tumblrTests */,
				250FB17422C534A4007D4411 /* tumblrUITests */,
			);
		};
/* End PBXProject section */

/* Begin PBXResourcesBuildPhase section */
		250FB15022C534A3007D4411 /* Resources */ = {
			isa = PBXResourcesBuildPhase;
			buildActionMask = 2147483647;
			files = (
				250FB16222C534A4007D4411 /* LaunchScreen.storyboard in Resources */,
				250FB15F22C534A4007D4411 /* Assets.xcassets in Resources */,
				250FB15D22C534A3007D4411 /* Main.storyboard in Resources */,
			);
			runOnlyForDeploymentPostprocessing = 0;
		};
		250FB16822C534A4007D4411 /* Resources */ = {
			isa = PBXResourcesBuildPhase;
			buildActionMask = 2147483647;
			files = (
			);
			runOnlyForDeploymentPostprocessing = 0;
		};
		250FB17322C534A4007D4411 /* Resources */ = {
			isa = PBXResourcesBuildPhase;
			buildActionMask = 2147483647;
			files = (
			);
			runOnlyForDeploymentPostprocessing = 0;
		};
/* End PBXResourcesBuildPhase section */

/* Begin PBXShellScriptBuildPhase section */
		11AC11AE563CBFB397CE37A8 /* [CP] Check Pods Manifest.lock */ = {
			isa = PBXShellScriptBuildPhase;
			buildActionMask = 2147483647;
			files = (
			);
			inputFileListPaths = (
			);
			inputPaths = (
				"${PODS_PODFILE_DIR_PATH}/Podfile.lock",
				"${PODS_ROOT}/Manifest.lock",
			);
			name = "[CP] Check Pods Manifest.lock";
			outputFileListPaths = (
			);
			outputPaths = (
				"$(DERIVED_FILE_DIR)/Pods-tumblr-checkManifestLockResult.txt",
			);
			runOnlyForDeploymentPostprocessing = 0;
			shellPath = /bin/sh;
			shellScript = "diff \"${PODS_PODFILE_DIR_PATH}/Podfile.lock\" \"${PODS_ROOT}/Manifest.lock\" > /dev/null\nif [ $? != 0 ] ; then\n    # print error to STDERR\n    echo \"error: The sandbox is not in sync with the Podfile.lock. Run 'pod install' or update your CocoaPods installation.\" >&2\n    exit 1\nfi\n# This output is used by Xcode 'outputs' to avoid re-running this script phase.\necho \"SUCCESS\" > \"${SCRIPT_OUTPUT_FILE_0}\"\n";
			showEnvVarsInLog = 0;
		};
		4E21FA41F252965C588A94F6 /* [CP] Check Pods Manifest.lock */ = {
			isa = PBXShellScriptBuildPhase;
			buildActionMask = 2147483647;
			files = (
			);
			inputFileListPaths = (
			);
			inputPaths = (
				"${PODS_PODFILE_DIR_PATH}/Podfile.lock",
				"${PODS_ROOT}/Manifest.lock",
			);
			name = "[CP] Check Pods Manifest.lock";
			outputFileListPaths = (
			);
			outputPaths = (
				"$(DERIVED_FILE_DIR)/Pods-tumblrUITests-checkManifestLockResult.txt",
			);
			runOnlyForDeploymentPostprocessing = 0;
			shellPath = /bin/sh;
			shellScript = "diff \"${PODS_PODFILE_DIR_PATH}/Podfile.lock\" \"${PODS_ROOT}/Manifest.lock\" > /dev/null\nif [ $? != 0 ] ; then\n    # print error to STDERR\n    echo \"error: The sandbox is not in sync with the Podfile.lock. Run 'pod install' or update your CocoaPods installation.\" >&2\n    exit 1\nfi\n# This output is used by Xcode 'outputs' to avoid re-running this script phase.\necho \"SUCCESS\" > \"${SCRIPT_OUTPUT_FILE_0}\"\n";
			showEnvVarsInLog = 0;
		};
		5DD14F2875641841FFF4BF51 /* [CP] Embed Pods Frameworks */ = {
			isa = PBXShellScriptBuildPhase;
			buildActionMask = 2147483647;
			files = (
			);
			inputFileListPaths = (
				"${PODS_ROOT}/Target Support Files/Pods-tumblr/Pods-tumblr-frameworks-${CONFIGURATION}-input-files.xcfilelist",
			);
			name = "[CP] Embed Pods Frameworks";
			outputFileListPaths = (
				"${PODS_ROOT}/Target Support Files/Pods-tumblr/Pods-tumblr-frameworks-${CONFIGURATION}-output-files.xcfilelist",
			);
			runOnlyForDeploymentPostprocessing = 0;
			shellPath = /bin/sh;
			shellScript = "\"${PODS_ROOT}/Target Support Files/Pods-tumblr/Pods-tumblr-frameworks.sh\"\n";
			showEnvVarsInLog = 0;
		};
		EB025CFA4BBC572232D0FEB1 /* [CP] Check Pods Manifest.lock */ = {
			isa = PBXShellScriptBuildPhase;
			buildActionMask = 2147483647;
			files = (
			);
			inputFileListPaths = (
			);
			inputPaths = (
				"${PODS_PODFILE_DIR_PATH}/Podfile.lock",
				"${PODS_ROOT}/Manifest.lock",
			);
			name = "[CP] Check Pods Manifest.lock";
			outputFileListPaths = (
			);
			outputPaths = (
				"$(DERIVED_FILE_DIR)/Pods-tumblrTests-checkManifestLockResult.txt",
			);
			runOnlyForDeploymentPostprocessing = 0;
			shellPath = /bin/sh;
			shellScript = "diff \"${PODS_PODFILE_DIR_PATH}/Podfile.lock\" \"${PODS_ROOT}/Manifest.lock\" > /dev/null\nif [ $? != 0 ] ; then\n    # print error to STDERR\n    echo \"error: The sandbox is not in sync with the Podfile.lock. Run 'pod install' or update your CocoaPods installation.\" >&2\n    exit 1\nfi\n# This output is used by Xcode 'outputs' to avoid re-running this script phase.\necho \"SUCCESS\" > \"${SCRIPT_OUTPUT_FILE_0}\"\n";
			showEnvVarsInLog = 0;
		};
/* End PBXShellScriptBuildPhase section */

/* Begin PBXSourcesBuildPhase section */
		250FB14E22C534A3007D4411 /* Sources */ = {
			isa = PBXSourcesBuildPhase;
			buildActionMask = 2147483647;
			files = (
				250FB18F22C53FB0007D4411 /* PhotoCell.m in Sources */,
				250FB19222C546D8007D4411 /* DetailsViewController.m in Sources */,
				250FB16522C534A4007D4411 /* main.m in Sources */,
				250FB18C22C53A05007D4411 /* PhotosViewController.m in Sources */,
				250FB15722C534A3007D4411 /* AppDelegate.m in Sources */,
			);
			runOnlyForDeploymentPostprocessing = 0;
		};
		250FB16622C534A4007D4411 /* Sources */ = {
			isa = PBXSourcesBuildPhase;
			buildActionMask = 2147483647;
			files = (
				250FB16F22C534A4007D4411 /* tumblrTests.m in Sources */,
			);
			runOnlyForDeploymentPostprocessing = 0;
		};
		250FB17122C534A4007D4411 /* Sources */ = {
			isa = PBXSourcesBuildPhase;
			buildActionMask = 2147483647;
			files = (
				250FB17A22C534A4007D4411 /* tumblrUITests.m in Sources */,
			);
			runOnlyForDeploymentPostprocessing = 0;
		};
/* End PBXSourcesBuildPhase section */

/* Begin PBXTargetDependency section */
		250FB16C22C534A4007D4411 /* PBXTargetDependency */ = {
			isa = PBXTargetDependency;
			target = 250FB15122C534A3007D4411 /* tumblr */;
			targetProxy = 250FB16B22C534A4007D4411 /* PBXContainerItemProxy */;
		};
		250FB17722C534A4007D4411 /* PBXTargetDependency */ = {
			isa = PBXTargetDependency;
			target = 250FB15122C534A3007D4411 /* tumblr */;
			targetProxy = 250FB17622C534A4007D4411 /* PBXContainerItemProxy */;
		};
/* End PBXTargetDependency section */

/* Begin PBXVariantGroup section */
		250FB15B22C534A3007D4411 /* Main.storyboard */ = {
			isa = PBXVariantGroup;
			children = (
				250FB15C22C534A3007D4411 /* Base */,
			);
			name = Main.storyboard;
			sourceTree = "<group>";
		};
		250FB16022C534A4007D4411 /* LaunchScreen.storyboard */ = {
			isa = PBXVariantGroup;
			children = (
				250FB16122C534A4007D4411 /* Base */,
			);
			name = LaunchScreen.storyboard;
			sourceTree = "<group>";
		};
/* End PBXVariantGroup section */

/* Begin XCBuildConfiguration section */
		250FB17C22C534A4007D4411 /* Debug */ = {
			isa = XCBuildConfiguration;
			buildSettings = {
				ALWAYS_SEARCH_USER_PATHS = NO;
				CLANG_ANALYZER_NONNULL = YES;
				CLANG_ANALYZER_NUMBER_OBJECT_CONVERSION = YES_AGGRESSIVE;
				CLANG_CXX_LANGUAGE_STANDARD = "gnu++14";
				CLANG_CXX_LIBRARY = "libc++";
				CLANG_ENABLE_MODULES = YES;
				CLANG_ENABLE_OBJC_ARC = YES;
				CLANG_ENABLE_OBJC_WEAK = YES;
				CLANG_WARN_BLOCK_CAPTURE_AUTORELEASING = YES;
				CLANG_WARN_BOOL_CONVERSION = YES;
				CLANG_WARN_COMMA = YES;
				CLANG_WARN_CONSTANT_CONVERSION = YES;
				CLANG_WARN_DEPRECATED_OBJC_IMPLEMENTATIONS = YES;
				CLANG_WARN_DIRECT_OBJC_ISA_USAGE = YES_ERROR;
				CLANG_WARN_DOCUMENTATION_COMMENTS = YES;
				CLANG_WARN_EMPTY_BODY = YES;
				CLANG_WARN_ENUM_CONVERSION = YES;
				CLANG_WARN_INFINITE_RECURSION = YES;
				CLANG_WARN_INT_CONVERSION = YES;
				CLANG_WARN_NON_LITERAL_NULL_CONVERSION = YES;
				CLANG_WARN_OBJC_IMPLICIT_RETAIN_SELF = YES;
				CLANG_WARN_OBJC_LITERAL_CONVERSION = YES;
				CLANG_WARN_OBJC_ROOT_CLASS = YES_ERROR;
				CLANG_WARN_RANGE_LOOP_ANALYSIS = YES;
				CLANG_WARN_STRICT_PROTOTYPES = YES;
				CLANG_WARN_SUSPICIOUS_MOVE = YES;
				CLANG_WARN_UNGUARDED_AVAILABILITY = YES_AGGRESSIVE;
				CLANG_WARN_UNREACHABLE_CODE = YES;
				CLANG_WARN__DUPLICATE_METHOD_MATCH = YES;
				CODE_SIGN_IDENTITY = "iPhone Developer";
				COPY_PHASE_STRIP = NO;
				DEBUG_INFORMATION_FORMAT = dwarf;
				ENABLE_STRICT_OBJC_MSGSEND = YES;
				ENABLE_TESTABILITY = YES;
				GCC_C_LANGUAGE_STANDARD = gnu11;
				GCC_DYNAMIC_NO_PIC = NO;
				GCC_NO_COMMON_BLOCKS = YES;
				GCC_OPTIMIZATION_LEVEL = 0;
				GCC_PREPROCESSOR_DEFINITIONS = (
					"DEBUG=1",
					"$(inherited)",
				);
				GCC_WARN_64_TO_32_BIT_CONVERSION = YES;
				GCC_WARN_ABOUT_RETURN_TYPE = YES_ERROR;
				GCC_WARN_UNDECLARED_SELECTOR = YES;
				GCC_WARN_UNINITIALIZED_AUTOS = YES_AGGRESSIVE;
				GCC_WARN_UNUSED_FUNCTION = YES;
				GCC_WARN_UNUSED_VARIABLE = YES;
				IPHONEOS_DEPLOYMENT_TARGET = 12.2;
				MTL_ENABLE_DEBUG_INFO = INCLUDE_SOURCE;
				MTL_FAST_MATH = YES;
				ONLY_ACTIVE_ARCH = YES;
				SDKROOT = iphoneos;
			};
			name = Debug;
		};
		250FB17D22C534A4007D4411 /* Release */ = {
			isa = XCBuildConfiguration;
			buildSettings = {
				ALWAYS_SEARCH_USER_PATHS = NO;
				CLANG_ANALYZER_NONNULL = YES;
				CLANG_ANALYZER_NUMBER_OBJECT_CONVERSION = YES_AGGRESSIVE;
				CLANG_CXX_LANGUAGE_STANDARD = "gnu++14";
				CLANG_CXX_LIBRARY = "libc++";
				CLANG_ENABLE_MODULES = YES;
				CLANG_ENABLE_OBJC_ARC = YES;
				CLANG_ENABLE_OBJC_WEAK = YES;
				CLANG_WARN_BLOCK_CAPTURE_AUTORELEASING = YES;
				CLANG_WARN_BOOL_CONVERSION = YES;
				CLANG_WARN_COMMA = YES;
				CLANG_WARN_CONSTANT_CONVERSION = YES;
				CLANG_WARN_DEPRECATED_OBJC_IMPLEMENTATIONS = YES;
				CLANG_WARN_DIRECT_OBJC_ISA_USAGE = YES_ERROR;
				CLANG_WARN_DOCUMENTATION_COMMENTS = YES;
				CLANG_WARN_EMPTY_BODY = YES;
				CLANG_WARN_ENUM_CONVERSION = YES;
				CLANG_WARN_INFINITE_RECURSION = YES;
				CLANG_WARN_INT_CONVERSION = YES;
				CLANG_WARN_NON_LITERAL_NULL_CONVERSION = YES;
				CLANG_WARN_OBJC_IMPLICIT_RETAIN_SELF = YES;
				CLANG_WARN_OBJC_LITERAL_CONVERSION = YES;
				CLANG_WARN_OBJC_ROOT_CLASS = YES_ERROR;
				CLANG_WARN_RANGE_LOOP_ANALYSIS = YES;
				CLANG_WARN_STRICT_PROTOTYPES = YES;
				CLANG_WARN_SUSPICIOUS_MOVE = YES;
				CLANG_WARN_UNGUARDED_AVAILABILITY = YES_AGGRESSIVE;
				CLANG_WARN_UNREACHABLE_CODE = YES;
				CLANG_WARN__DUPLICATE_METHOD_MATCH = YES;
				CODE_SIGN_IDENTITY = "iPhone Developer";
				COPY_PHASE_STRIP = NO;
				DEBUG_INFORMATION_FORMAT = "dwarf-with-dsym";
				ENABLE_NS_ASSERTIONS = NO;
				ENABLE_STRICT_OBJC_MSGSEND = YES;
				GCC_C_LANGUAGE_STANDARD = gnu11;
				GCC_NO_COMMON_BLOCKS = YES;
				GCC_WARN_64_TO_32_BIT_CONVERSION = YES;
				GCC_WARN_ABOUT_RETURN_TYPE = YES_ERROR;
				GCC_WARN_UNDECLARED_SELECTOR = YES;
				GCC_WARN_UNINITIALIZED_AUTOS = YES_AGGRESSIVE;
				GCC_WARN_UNUSED_FUNCTION = YES;
				GCC_WARN_UNUSED_VARIABLE = YES;
				IPHONEOS_DEPLOYMENT_TARGET = 12.2;
				MTL_ENABLE_DEBUG_INFO = NO;
				MTL_FAST_MATH = YES;
				SDKROOT = iphoneos;
				VALIDATE_PRODUCT = YES;
			};
			name = Release;
		};
		250FB17F22C534A4007D4411 /* Debug */ = {
			isa = XCBuildConfiguration;
			baseConfigurationReference = 16C736EECC2A566AD9344EF8 /* Pods-tumblr.debug.xcconfig */;
			buildSettings = {
				ASSETCATALOG_COMPILER_APPICON_NAME = AppIcon;
				CODE_SIGN_STYLE = Automatic;
				INFOPLIST_FILE = tumblr/Info.plist;
				LD_RUNPATH_SEARCH_PATHS = (
					"$(inherited)",
					"@executable_path/Frameworks",
				);
				PRODUCT_BUNDLE_IDENTIFIER = "com.franklin.boampong-icloud.com.tumblr";
				PRODUCT_NAME = "$(TARGET_NAME)";
				TARGETED_DEVICE_FAMILY = "1,2";
			};
			name = Debug;
		};
		250FB18022C534A4007D4411 /* Release */ = {
			isa = XCBuildConfiguration;
			baseConfigurationReference = 4EFD889B4574BCDD60C8B497 /* Pods-tumblr.release.xcconfig */;
			buildSettings = {
				ASSETCATALOG_COMPILER_APPICON_NAME = AppIcon;
				CODE_SIGN_STYLE = Automatic;
				INFOPLIST_FILE = tumblr/Info.plist;
				LD_RUNPATH_SEARCH_PATHS = (
					"$(inherited)",
					"@executable_path/Frameworks",
				);
				PRODUCT_BUNDLE_IDENTIFIER = "com.franklin.boampong-icloud.com.tumblr";
				PRODUCT_NAME = "$(TARGET_NAME)";
				TARGETED_DEVICE_FAMILY = "1,2";
			};
			name = Release;
		};
		250FB18222C534A4007D4411 /* Debug */ = {
			isa = XCBuildConfiguration;
			baseConfigurationReference = EBB28FD6DE21520A54528A52 /* Pods-tumblrTests.debug.xcconfig */;
			buildSettings = {
				BUNDLE_LOADER = "$(TEST_HOST)";
				CODE_SIGN_STYLE = Automatic;
				INFOPLIST_FILE = tumblrTests/Info.plist;
				LD_RUNPATH_SEARCH_PATHS = (
					"$(inherited)",
					"@executable_path/Frameworks",
					"@loader_path/Frameworks",
				);
				PRODUCT_BUNDLE_IDENTIFIER = "com.franklin.boampong-icloud.com.tumblrTests";
				PRODUCT_NAME = "$(TARGET_NAME)";
				TARGETED_DEVICE_FAMILY = "1,2";
				TEST_HOST = "$(BUILT_PRODUCTS_DIR)/tumblr.app/tumblr";
			};
			name = Debug;
		};
		250FB18322C534A4007D4411 /* Release */ = {
			isa = XCBuildConfiguration;
			baseConfigurationReference = A27236FA903098B2F7503A98 /* Pods-tumblrTests.release.xcconfig */;
			buildSettings = {
				BUNDLE_LOADER = "$(TEST_HOST)";
				CODE_SIGN_STYLE = Automatic;
				INFOPLIST_FILE = tumblrTests/Info.plist;
				LD_RUNPATH_SEARCH_PATHS = (
					"$(inherited)",
					"@executable_path/Frameworks",
					"@loader_path/Frameworks",
				);
				PRODUCT_BUNDLE_IDENTIFIER = "com.franklin.boampong-icloud.com.tumblrTests";
				PRODUCT_NAME = "$(TARGET_NAME)";
				TARGETED_DEVICE_FAMILY = "1,2";
				TEST_HOST = "$(BUILT_PRODUCTS_DIR)/tumblr.app/tumblr";
			};
			name = Release;
		};
		250FB18522C534A4007D4411 /* Debug */ = {
			isa = XCBuildConfiguration;
			baseConfigurationReference = 500EAB86B80920A24C2410C0 /* Pods-tumblrUITests.debug.xcconfig */;
			buildSettings = {
				CODE_SIGN_STYLE = Automatic;
				INFOPLIST_FILE = tumblrUITests/Info.plist;
				LD_RUNPATH_SEARCH_PATHS = (
					"$(inherited)",
					"@executable_path/Frameworks",
					"@loader_path/Frameworks",
				);
				PRODUCT_BUNDLE_IDENTIFIER = "com.franklin.boampong-icloud.com.tumblrUITests";
				PRODUCT_NAME = "$(TARGET_NAME)";
				TARGETED_DEVICE_FAMILY = "1,2";
				TEST_TARGET_NAME = tumblr;
			};
			name = Debug;
		};
		250FB18622C534A4007D4411 /* Release */ = {
			isa = XCBuildConfiguration;
			baseConfigurationReference = 81816EE9C0F86FFAA1DE6665 /* Pods-tumblrUITests.release.xcconfig */;
			buildSettings = {
				CODE_SIGN_STYLE = Automatic;
				INFOPLIST_FILE = tumblrUITests/Info.plist;
				LD_RUNPATH_SEARCH_PATHS = (
					"$(inherited)",
					"@executable_path/Frameworks",
					"@loader_path/Frameworks",
				);
				PRODUCT_BUNDLE_IDENTIFIER = "com.franklin.boampong-icloud.com.tumblrUITests";
				PRODUCT_NAME = "$(TARGET_NAME)";
				TARGETED_DEVICE_FAMILY = "1,2";
				TEST_TARGET_NAME = tumblr;
			};
			name = Release;
		};
/* End XCBuildConfiguration section */

/* Begin XCConfigurationList section */
		250FB14D22C534A3007D4411 /* Build configuration list for PBXProject "tumblr" */ = {
			isa = XCConfigurationList;
			buildConfigurations = (
				250FB17C22C534A4007D4411 /* Debug */,
				250FB17D22C534A4007D4411 /* Release */,
			);
			defaultConfigurationIsVisible = 0;
			defaultConfigurationName = Release;
		};
		250FB17E22C534A4007D4411 /* Build configuration list for PBXNativeTarget "tumblr" */ = {
			isa = XCConfigurationList;
			buildConfigurations = (
				250FB17F22C534A4007D4411 /* Debug */,
				250FB18022C534A4007D4411 /* Release */,
			);
			defaultConfigurationIsVisible = 0;
			defaultConfigurationName = Release;
		};
		250FB18122C534A4007D4411 /* Build configuration list for PBXNativeTarget "tumblrTests" */ = {
			isa = XCConfigurationList;
			buildConfigurations = (
				250FB18222C534A4007D4411 /* Debug */,
				250FB18322C534A4007D4411 /* Release */,
			);
			defaultConfigurationIsVisible = 0;
			defaultConfigurationName = Release;
		};
		250FB18422C534A4007D4411 /* Build configuration list for PBXNativeTarget "tumblrUITests" */ = {
			isa = XCConfigurationList;
			buildConfigurations = (
				250FB18522C534A4007D4411 /* Debug */,
				250FB18622C534A4007D4411 /* Release */,
			);
			defaultConfigurationIsVisible = 0;
			defaultConfigurationName = Release;
		};
/* End XCConfigurationList section */
	};
	rootObject = 250FB14A22C534A3007D4411 /* Project object */;
}
